<?xml version="1.0" encoding="utf-8"?>
<Project ToolsVersion="4.0" xmlns="http://schemas.microsoft.com/developer/msbuild/2003">
  <ItemGroup>
    <Filter Include="Source Files">
      <UniqueIdentifier>{4FC737F1-C7A5-4376-A066-2A32D752A2FF}</UniqueIdentifier>
      <Extensions>cpp;c;cc;cxx;c++;cppm;ixx;def;odl;idl;hpj;bat;asm;asmx</Extensions>
    </Filter>
    <Filter Include="Header Files">
      <UniqueIdentifier>{93995380-89BD-4b04-88EB-625FBE52EBFB}</UniqueIdentifier>
      <Extensions>h;hh;hpp;hxx;h++;hm;inl;inc;ipp;xsd</Extensions>
    </Filter>
    <Filter Include="Resource Files">
      <UniqueIdentifier>{67DA6AB6-F800-4c08-8B7A-83BB121AAD01}</UniqueIdentifier>
      <Extensions>rc;ico;cur;bmp;dlg;rc2;rct;bin;rgs;gif;jpg;jpeg;jpe;resx;tiff;tif;png;wav;mfcribbon-ms</Extensions>
    </Filter>
  </ItemGroup>
  <ItemGroup>
    <ClCompile Include="src\VRCBotTV.cpp">
      <Filter>Source Files</Filter>
    </ClCompile>
    <ClCompile Include="src\osclib\osc.cpp">
      <Filter>Source Files</Filter>
    </ClCompile>
    <ClCompile Include="src\osclib\sock.cpp">
      <Filter>Source Files</Filter>
    </ClCompile>
    <ClCompile Include="src\misc\print.cpp">
      <Filter>Source Files</Filter>
    </ClCompile>
    <ClCompile Include="src\uv\src\win\async.c">
      <Filter>Source Files</Filter>
    </ClCompile>
    <ClCompile Include="src\uv\src\win\core.c">
      <Filter>Source Files</Filter>
    </ClCompile>
    <ClCompile Include="src\uv\src\win\detect-wakeup.c">
      <Filter>Source Files</Filter>
    </ClCompile>
    <ClCompile Include="src\uv\src\win\dl.c">
      <Filter>Source Files</Filter>
    </ClCompile>
    <ClCompile Include="src\uv\src\win\error.c">
      <Filter>Source Files</Filter>
    </ClCompile>
    <ClCompile Include="src\uv\src\win\fs.c">
      <Filter>Source Files</Filter>
    </ClCompile>
    <ClCompile Include="src\uv\src\win\fs-event.c">
      <Filter>Source Files</Filter>
    </ClCompile>
    <ClCompile Include="src\uv\src\win\getaddrinfo.c">
      <Filter>Source Files</Filter>
    </ClCompile>
    <ClCompile Include="src\uv\src\win\getnameinfo.c">
      <Filter>Source Files</Filter>
    </ClCompile>
    <ClCompile Include="src\uv\src\win\handle.c">
      <Filter>Source Files</Filter>
    </ClCompile>
    <ClCompile Include="src\uv\src\win\loop-watcher.c">
      <Filter>Source Files</Filter>
    </ClCompile>
    <ClCompile Include="src\uv\src\win\pipe.c">
      <Filter>Source Files</Filter>
    </ClCompile>
    <ClCompile Include="src\uv\src\win\poll.c">
      <Filter>Source Files</Filter>
    </ClCompile>
    <ClCompile Include="src\uv\src\win\process.c">
      <Filter>Source Files</Filter>
    </ClCompile>
    <ClCompile Include="src\uv\src\win\process-stdio.c">
      <Filter>Source Files</Filter>
    </ClCompile>
    <ClCompile Include="src\uv\src\win\signal.c">
      <Filter>Source Files</Filter>
    </ClCompile>
    <ClCompile Include="src\uv\src\win\snprintf.c">
      <Filter>Source Files</Filter>
    </ClCompile>
    <ClCompile Include="src\uv\src\win\stream.c">
      <Filter>Source Files</Filter>
    </ClCompile>
    <ClCompile Include="src\uv\src\win\tcp.c">
      <Filter>Source Files</Filter>
    </ClCompile>
    <ClCompile Include="src\uv\src\win\thread.c">
      <Filter>Source Files</Filter>
    </ClCompile>
    <ClCompile Include="src\uv\src\win\tty.c">
      <Filter>Source Files</Filter>
    </ClCompile>
    <ClCompile Include="src\uv\src\win\udp.c">
      <Filter>Source Files</Filter>
    </ClCompile>
    <ClCompile Include="src\uv\src\win\util.c">
      <Filter>Source Files</Filter>
    </ClCompile>
    <ClCompile Include="src\uv\src\win\winapi.c">
      <Filter>Source Files</Filter>
    </ClCompile>
    <ClCompile Include="src\uv\src\win\winsock.c">
      <Filter>Source Files</Filter>
    </ClCompile>
    <ClCompile Include="src\uv\src\fs-poll.c">
      <Filter>Source Files</Filter>
    </ClCompile>
    <ClCompile Include="src\uv\src\idna.c">
      <Filter>Source Files</Filter>
    </ClCompile>
    <ClCompile Include="src\uv\src\inet.c">
      <Filter>Source Files</Filter>
    </ClCompile>
    <ClCompile Include="src\uv\src\random.c">
      <Filter>Source Files</Filter>
    </ClCompile>
    <ClCompile Include="src\uv\src\strscpy.c">
      <Filter>Source Files</Filter>
    </ClCompile>
    <ClCompile Include="src\uv\src\strtok.c">
      <Filter>Source Files</Filter>
    </ClCompile>
    <ClCompile Include="src\uv\src\threadpool.c">
      <Filter>Source Files</Filter>
    </ClCompile>
    <ClCompile Include="src\uv\src\timer.c">
      <Filter>Source Files</Filter>
    </ClCompile>
    <ClCompile Include="src\uv\src\uv-common.c">
      <Filter>Source Files</Filter>
    </ClCompile>
    <ClCompile Include="src\uv\src\uv-data-getter-setters.c">
      <Filter>Source Files</Filter>
    </ClCompile>
    <ClCompile Include="src\uv\src\version.c">
      <Filter>Source Files</Filter>
    </ClCompile>
    <ClCompile Include="src\twitch\src\platform\win\dllmain.cpp">
      <Filter>Source Files</Filter>
    </ClCompile>
    <ClCompile Include="src\twitch\src\ClientConnection.cpp">
      <Filter>Source Files</Filter>
    </ClCompile>
    <ClCompile Include="src\twitch\src\ConnectionBase.cpp">
      <Filter>Source Files</Filter>
    </ClCompile>
    <ClCompile Include="src\twitch\src\ConnectionExports.cpp">
      <Filter>Source Files</Filter>
    </ClCompile>
    <ClCompile Include="src\twitch\src\ConnectionFactory.cpp">
      <Filter>Source Files</Filter>
    </ClCompile>
    <ClCompile Include="src\twitch\src\ConnectionFactoryTCP.cpp">
      <Filter>Source Files</Filter>
    </ClCompile>
    <ClCompile Include="src\twitch\src\OperationQueue.cpp">
      <Filter>Source Files</Filter>
    </ClCompile>
    <ClCompile Include="src\twitch\src\Pipe-ClientTransport.cpp">
      <Filter>Source Files</Filter>
    </ClCompile>
    <ClCompile Include="src\twitch\src\Pipe-ServerTransport.cpp">
      <Filter>Source Files</Filter>
    </ClCompile>
    <ClCompile Include="src\twitch\src\ServerConnection.cpp">
      <Filter>Source Files</Filter>
    </ClCompile>
    <ClCompile Include="src\twitch\src\ServerConnectionSingle.cpp">
      <Filter>Source Files</Filter>
    </ClCompile>
    <ClCompile Include="src\twitch\src\TCP-ClientTransport.cpp">
      <Filter>Source Files</Filter>
    </ClCompile>
    <ClCompile Include="src\twitch\src\TCP-ServerTransport.cpp">
      <Filter>Source Files</Filter>
    </ClCompile>
    <ClCompile Include="src\twitch\src\UVClientTransport.cpp">
      <Filter>Source Files</Filter>
    </ClCompile>
    <ClCompile Include="src\twitch\src\UVServerTransport.cpp">
      <Filter>Source Files</Filter>
    </ClCompile>
    <ClCompile Include="src\twitch\src\UVTransportBase.cpp">
      <Filter>Source Files</Filter>
    </ClCompile>
    <ClCompile Include="src\bot\Bot\Jukebox.cpp">
      <Filter>Source Files</Filter>
    </ClCompile>
    <ClCompile Include="src\bot\Application.cpp">
      <Filter>Source Files</Filter>
    </ClCompile>
    <ClCompile Include="src\bot\Bot.cpp">
      <Filter>Source Files</Filter>
    </ClCompile>
    <ClCompile Include="src\bot\Client.cpp">
      <Filter>Source Files</Filter>
    </ClCompile>
    <ClCompile Include="src\bot\Utility.cpp">
      <Filter>Source Files</Filter>
    </ClCompile>
    <ClCompile Include="src\bot\Bot\VRChat.cpp">
      <Filter>Source Files</Filter>
    </ClCompile>
    <ClCompile Include="src\osclib\OSCData.cpp">
      <Filter>Source Files</Filter>
    </ClCompile>
    <ClCompile Include="src\osclib\OscOutboundPacketStream.cpp">
      <Filter>Source Files</Filter>
    </ClCompile>
    <ClCompile Include="src\osclib\OscPrintReceivedElements.cpp">
      <Filter>Source Files</Filter>
    </ClCompile>
    <ClCompile Include="src\osclib\OscReceivedElements.cpp">
      <Filter>Source Files</Filter>
    </ClCompile>
    <ClCompile Include="src\osclib\OscTypes.cpp">
      <Filter>Source Files</Filter>
    </ClCompile>
    <ClCompile Include="src\misc\TimerClock.cpp">
      <Filter>Source Files</Filter>
    </ClCompile>
    <ClCompile Include="src\misc\TimerManager.cpp">
      <Filter>Source Files</Filter>
    </ClCompile>
    <ClCompile Include="src\bot\Bot\Chattu.cpp">
      <Filter>Source Files</Filter>
    </ClCompile>
  </ItemGroup>
  <ItemGroup>
    <ClInclude Include="src\osclib\osc.h">
      <Filter>Header Files</Filter>
    </ClInclude>
    <ClInclude Include="src\osclib\sock.h">
      <Filter>Header Files</Filter>
    </ClInclude>
    <ClInclude Include="src\misc\print.h">
      <Filter>Header Files</Filter>
    </ClInclude>
    <ClInclude Include="src\uv\include\uv\aix.h">
      <Filter>Header Files</Filter>
    </ClInclude>
    <ClInclude Include="src\uv\include\uv\bsd.h">
      <Filter>Header Files</Filter>
    </ClInclude>
    <ClInclude Include="src\uv\include\uv\darwin.h">
      <Filter>Header Files</Filter>
    </ClInclude>
    <ClInclude Include="src\uv\include\uv\errno.h">
      <Filter>Header Files</Filter>
    </ClInclude>
    <ClInclude Include="src\uv\include\uv\linux.h">
      <Filter>Header Files</Filter>
    </ClInclude>
    <ClInclude Include="src\uv\include\uv\os390.h">
      <Filter>Header Files</Filter>
    </ClInclude>
    <ClInclude Include="src\uv\include\uv\posix.h">
      <Filter>Header Files</Filter>
    </ClInclude>
    <ClInclude Include="src\uv\include\uv\stdint-msvc2008.h">
      <Filter>Header Files</Filter>
    </ClInclude>
    <ClInclude Include="src\uv\include\uv\sunos.h">
      <Filter>Header Files</Filter>
    </ClInclude>
    <ClInclude Include="src\uv\include\uv\threadpool.h">
      <Filter>Header Files</Filter>
    </ClInclude>
    <ClInclude Include="src\uv\include\uv\tree.h">
      <Filter>Header Files</Filter>
    </ClInclude>
    <ClInclude Include="src\uv\include\uv\unix.h">
      <Filter>Header Files</Filter>
    </ClInclude>
    <ClInclude Include="src\uv\include\uv\version.h">
      <Filter>Header Files</Filter>
    </ClInclude>
    <ClInclude Include="src\uv\include\uv\win.h">
      <Filter>Header Files</Filter>
    </ClInclude>
    <ClInclude Include="src\uv\include\uv.h">
      <Filter>Header Files</Filter>
    </ClInclude>
    <ClInclude Include="src\uv\src\win\atomicops-inl.h">
      <Filter>Header Files</Filter>
    </ClInclude>
    <ClInclude Include="src\uv\src\win\fs-fd-hash-inl.h">
      <Filter>Header Files</Filter>
    </ClInclude>
    <ClInclude Include="src\uv\src\win\handle-inl.h">
      <Filter>Header Files</Filter>
    </ClInclude>
    <ClInclude Include="src\uv\src\win\internal.h">
      <Filter>Header Files</Filter>
    </ClInclude>
    <ClInclude Include="src\uv\src\win\req-inl.h">
      <Filter>Header Files</Filter>
    </ClInclude>
    <ClInclude Include="src\uv\src\win\stream-inl.h">
      <Filter>Header Files</Filter>
    </ClInclude>
    <ClInclude Include="src\uv\src\win\winapi.h">
      <Filter>Header Files</Filter>
    </ClInclude>
    <ClInclude Include="src\uv\src\win\winsock.h">
      <Filter>Header Files</Filter>
    </ClInclude>
    <ClInclude Include="src\uv\src\heap-inl.h">
      <Filter>Header Files</Filter>
    </ClInclude>
    <ClInclude Include="src\uv\src\idna.h">
      <Filter>Header Files</Filter>
    </ClInclude>
    <ClInclude Include="src\uv\src\queue.h">
      <Filter>Header Files</Filter>
    </ClInclude>
    <ClInclude Include="src\uv\src\strscpy.h">
      <Filter>Header Files</Filter>
    </ClInclude>
    <ClInclude Include="src\uv\src\strtok.h">
      <Filter>Header Files</Filter>
    </ClInclude>
    <ClInclude Include="src\uv\src\uv-common.h">
      <Filter>Header Files</Filter>
    </ClInclude>
    <ClInclude Include="src\twitch\include\nativeipc\ConnectionExports.h">
      <Filter>Header Files</Filter>
    </ClInclude>
    <ClInclude Include="src\twitch\include\nativeipc\ConnectionFactory.h">
      <Filter>Header Files</Filter>
    </ClInclude>
    <ClInclude Include="src\twitch\include\nativeipc\IConnection.h">
      <Filter>Header Files</Filter>
    </ClInclude>
    <ClInclude Include="src\twitch\include\nativeipc\IServerConnection.h">
      <Filter>Header Files</Filter>
    </ClInclude>
    <ClInclude Include="src\twitch\src\ClientConnection.h">
      <Filter>Header Files</Filter>
    </ClInclude>
    <ClInclude Include="src\twitch\src\ConnectionBase.h">
      <Filter>Header Files</Filter>
    </ClInclude>
    <ClInclude Include="src\twitch\src\ConnectionFactoryPrivate.h">
      <Filter>Header Files</Filter>
    </ClInclude>
    <ClInclude Include="src\twitch\src\DeleteConstructors.h">
      <Filter>Header Files</Filter>
    </ClInclude>
    <ClInclude Include="src\twitch\src\IClientTransport.h">
      <Filter>Header Files</Filter>
    </ClInclude>
    <ClInclude Include="src\twitch\src\IServerTransport.h">
      <Filter>Header Files</Filter>
    </ClInclude>
    <ClInclude Include="src\twitch\src\ITransportBase.h">
      <Filter>Header Files</Filter>
    </ClInclude>
    <ClInclude Include="src\twitch\src\LogMacrosNoHandle.h">
      <Filter>Header Files</Filter>
    </ClInclude>
    <ClInclude Include="src\twitch\src\LogMacrosWithHandle.h">
      <Filter>Header Files</Filter>
    </ClInclude>
    <ClInclude Include="src\twitch\src\Message.h">
      <Filter>Header Files</Filter>
    </ClInclude>
    <ClInclude Include="src\twitch\src\OperationQueue.h">
      <Filter>Header Files</Filter>
    </ClInclude>
    <ClInclude Include="src\twitch\src\Pipe-ClientTransport.h">
      <Filter>Header Files</Filter>
    </ClInclude>
    <ClInclude Include="src\twitch\src\Pipe-ServerTransport.h">
      <Filter>Header Files</Filter>
    </ClInclude>
    <ClInclude Include="src\twitch\src\ServerConnection.h">
      <Filter>Header Files</Filter>
    </ClInclude>
    <ClInclude Include="src\twitch\src\ServerConnectionSingle.h">
      <Filter>Header Files</Filter>
    </ClInclude>
    <ClInclude Include="src\twitch\src\TCP-ClientTransport.h">
      <Filter>Header Files</Filter>
    </ClInclude>
    <ClInclude Include="src\twitch\src\TCP-ServerTransport.h">
      <Filter>Header Files</Filter>
    </ClInclude>
    <ClInclude Include="src\twitch\src\Transport.h">
      <Filter>Header Files</Filter>
    </ClInclude>
    <ClInclude Include="src\twitch\src\UVClientTransport.h">
      <Filter>Header Files</Filter>
    </ClInclude>
    <ClInclude Include="src\twitch\src\UVServerTransport.h">
      <Filter>Header Files</Filter>
    </ClInclude>
    <ClInclude Include="src\twitch\src\UVTransportBase.h">
      <Filter>Header Files</Filter>
    </ClInclude>
    <ClInclude Include="src\bot\Bot\Jukebox.hpp">
      <Filter>Header Files</Filter>
    </ClInclude>
    <ClInclude Include="src\bot\Application.hpp">
      <Filter>Header Files</Filter>
    </ClInclude>
    <ClInclude Include="src\bot\Bot.hpp">
      <Filter>Header Files</Filter>
    </ClInclude>
    <ClInclude Include="src\bot\Client.hpp">
      <Filter>Header Files</Filter>
    </ClInclude>
    <ClInclude Include="src\bot\Utility.hpp">
      <Filter>Header Files</Filter>
    </ClInclude>
    <ClInclude Include="src\bot\Bot\VRChat.h">
      <Filter>Header Files</Filter>
    </ClInclude>
    <ClInclude Include="src\osclib\OSCData.h">
      <Filter>Header Files</Filter>
    </ClInclude>
    <ClInclude Include="src\json\json.hpp">
      <Filter>Header Files</Filter>
    </ClInclude>
    <ClInclude Include="src\osclib\OscException.h">
      <Filter>Header Files</Filter>
    </ClInclude>
    <ClInclude Include="src\osclib\OscHostEndianness.h">
      <Filter>Header Files</Filter>
    </ClInclude>
    <ClInclude Include="src\osclib\OscOutboundPacketStream.h">
      <Filter>Header Files</Filter>
    </ClInclude>
    <ClInclude Include="src\osclib\OscPacketListener.h">
      <Filter>Header Files</Filter>
    </ClInclude>
    <ClInclude Include="src\osclib\OscPrintReceivedElements.h">
      <Filter>Header Files</Filter>
    </ClInclude>
    <ClInclude Include="src\osclib\OscReceivedElements.h">
      <Filter>Header Files</Filter>
    </ClInclude>
    <ClInclude Include="src\osclib\OscTypes.h">
      <Filter>Header Files</Filter>
    </ClInclude>
    <ClInclude Include="src\misc\TimerClock.h">
      <Filter>Header Files</Filter>
    </ClInclude>
    <ClInclude Include="src\misc\TimerHandle.h">
      <Filter>Header Files</Filter>
    </ClInclude>
    <ClInclude Include="src\misc\TimerManager.h">
      <Filter>Header Files</Filter>
    </ClInclude>
    <ClInclude Include="src\bot\Bot\Chattu.h">
      <Filter>Header Files</Filter>
    </ClInclude>
  </ItemGroup>
</Project>